
Microsoft Visual Studio Solution File, Format Version 12.00
# Visual Studio Version 17
VisualStudioVersion = 17.2.32516.85
MinimumVisualStudioVersion = 10.0.40219.1
Project("{FAE04EC0-301F-11D3-BF4B-00C04F79EFBC}") = "Efcorefirst", "Efcorefirst\Efcorefirst.csproj", "{42448991-6104-4371-9558-6103D2EF7F8D}"
EndProject
Project("{FAE04EC0-301F-11D3-BF4B-00C04F79EFBC}") = "ConsoleApp", "ConsoleApp\ConsoleApp.csproj", "{8D33C078-152B-4E29-906B-183D6D6FA68D}"
EndProject
Global
	GlobalSection(SolutionConfigurationPlatforms) = preSolution
		Debug|Any CPU = Debug|Any CPU
		Release|Any CPU = Release|Any CPU
	EndGlobalSection
	GlobalSection(ProjectConfigurationPlatforms) = postSolution
		{42448991-6104-4371-9558-6103D2EF7F8D}.Debug|Any CPU.ActiveCfg = Debug|Any CPU
		{42448991-6104-4371-9558-6103D2EF7F8D}.Debug|Any CPU.Build.0 = Debug|Any CPU
		{42448991-6104-4371-9558-6103D2EF7F8D}.Release|Any CPU.ActiveCfg = Release|Any CPU
		{42448991-6104-4371-9558-6103D2EF7F8D}.Release|Any CPU.Build.0 = Release|Any CPU
		{8D33C078-152B-4E29-906B-183D6D6FA68D}.Debug|Any CPU.ActiveCfg = Debug|Any CPU
		{8D33C078-152B-4E29-906B-183D6D6FA68D}.Debug|Any CPU.Build.0 = Debug|Any CPU
		{8D33C078-152B-4E29-906B-183D6D6FA68D}.Release|Any CPU.ActiveCfg = Release|Any CPU
		{8D33C078-152B-4E29-906B-183D6D6FA68D}.Release|Any CPU.Build.0 = Release|Any CPU
	EndGlobalSection
	GlobalSection(SolutionProperties) = preSolution
		HideSolutionNode = FALSE
	EndGlobalSection
	GlobalSection(ExtensibilityGlobals) = postSolution
		SolutionGuid = {29DA2AED-C588-43E1-974D-959FA71BB58A}
	EndGlobalSection
EndGlobal
